// !$*UTF8*$!
{
	archiveVersion = 1;
	classes = {
	};
	objectVersion = 56;
	objects = {

/* Begin PBXBuildFile section */
		4BCDD17E29F68D330036B332 /* LocalNotificationsApp.swift in Sources */ = {isa = PBXBuildFile; fileRef = 4BCDD17D29F68D330036B332 /* LocalNotificationsApp.swift */; };
		4BCDD18029F68D330036B332 /* ContentView.swift in Sources */ = {isa = PBXBuildFile; fileRef = 4BCDD17F29F68D330036B332 /* ContentView.swift */; };
		4BCDD18229F68D340036B332 /* Assets.xcassets in Resources */ = {isa = PBXBuildFile; fileRef = 4BCDD18129F68D340036B332 /* Assets.xcassets */; };
		4BCDD18529F68D340036B332 /* Preview Assets.xcassets in Resources */ = {isa = PBXBuildFile; fileRef = 4BCDD18429F68D340036B332 /* Preview Assets.xcassets */; };
		4BCDD18E29F68E0A0036B332 /* LocalNotificationManager.swift in Sources */ = {isa = PBXBuildFile; fileRef = 4BCDD18D29F68E0A0036B332 /* LocalNotificationManager.swift */; };
		4BCDD19029F68EB10036B332 /* Strings.swift in Sources */ = {isa = PBXBuildFile; fileRef = 4BCDD18F29F68EB10036B332 /* Strings.swift */; };
		4BCDD19229F68FB00036B332 /* Color.swift in Sources */ = {isa = PBXBuildFile; fileRef = 4BCDD19129F68FB00036B332 /* Color.swift */; };
		4BCDD19529F690450036B332 /* Text.swift in Sources */ = {isa = PBXBuildFile; fileRef = 4BCDD19429F690450036B332 /* Text.swift */; };
		4BCDD19729F6934A0036B332 /* Date.swift in Sources */ = {isa = PBXBuildFile; fileRef = 4BCDD19629F6934A0036B332 /* Date.swift */; };
		4BCDD1992A04086C0036B332 /* NotificationView.swift in Sources */ = {isa = PBXBuildFile; fileRef = 4BCDD1982A04086C0036B332 /* NotificationView.swift */; };
		4BCDD19B2A0408930036B332 /* ForbiddenNotificationView.swift in Sources */ = {isa = PBXBuildFile; fileRef = 4BCDD19A2A0408930036B332 /* ForbiddenNotificationView.swift */; };
/* End PBXBuildFile section */

/* Begin PBXFileReference section */
		4BCDD17A29F68D330036B332 /* LocalNotifications.app */ = {isa = PBXFileReference; explicitFileType = wrapper.application; includeInIndex = 0; path = LocalNotifications.app; sourceTree = BUILT_PRODUCTS_DIR; };
		4BCDD17D29F68D330036B332 /* LocalNotificationsApp.swift */ = {isa = PBXFileReference; lastKnownFileType = sourcecode.swift; path = LocalNotificationsApp.swift; sourceTree = "<group>"; };
		4BCDD17F29F68D330036B332 /* ContentView.swift */ = {isa = PBXFileReference; lastKnownFileType = sourcecode.swift; path = ContentView.swift; sourceTree = "<group>"; };
		4BCDD18129F68D340036B332 /* Assets.xcassets */ = {isa = PBXFileReference; lastKnownFileType = folder.assetcatalog; path = Assets.xcassets; sourceTree = "<group>"; };
		4BCDD18429F68D340036B332 /* Preview Assets.xcassets */ = {isa = PBXFileReference; lastKnownFileType = folder.assetcatalog; path = "Preview Assets.xcassets"; sourceTree = "<group>"; };
		4BCDD18D29F68E0A0036B332 /* LocalNotificationManager.swift */ = {isa = PBXFileReference; lastKnownFileType = sourcecode.swift; path = LocalNotificationManager.swift; sourceTree = "<group>"; };
		4BCDD18F29F68EB10036B332 /* Strings.swift */ = {isa = PBXFileReference; lastKnownFileType = sourcecode.swift; path = Strings.swift; sourceTree = "<group>"; };
		4BCDD19129F68FB00036B332 /* Color.swift */ = {isa = PBXFileReference; lastKnownFileType = sourcecode.swift; path = Color.swift; sourceTree = "<group>"; };
		4BCDD19429F690450036B332 /* Text.swift */ = {isa = PBXFileReference; lastKnownFileType = sourcecode.swift; path = Text.swift; sourceTree = "<group>"; };
		4BCDD19629F6934A0036B332 /* Date.swift */ = {isa = PBXFileReference; lastKnownFileType = sourcecode.swift; path = Date.swift; sourceTree = "<group>"; };
		4BCDD1982A04086C0036B332 /* NotificationView.swift */ = {isa = PBXFileReference; lastKnownFileType = sourcecode.swift; path = NotificationView.swift; sourceTree = "<group>"; };
		4BCDD19A2A0408930036B332 /* ForbiddenNotificationView.swift */ = {isa = PBXFileReference; lastKnownFileType = sourcecode.swift; path = ForbiddenNotificationView.swift; sourceTree = "<group>"; };
/* End PBXFileReference section */

/* Begin PBXFrameworksBuildPhase section */
		4BCDD17729F68D330036B332 /* Frameworks */ = {
			isa = PBXFrameworksBuildPhase;
			buildActionMask = 2147483647;
			files = (
			);
			runOnlyForDeploymentPostprocessing = 0;
		};
/* End PBXFrameworksBuildPhase section */

/* Begin PBXGroup section */
		4BCDD17129F68D330036B332 = {
			isa = PBXGroup;
			children = (
				4BCDD17C29F68D330036B332 /* LocalNotifications */,
				4BCDD17B29F68D330036B332 /* Products */,
			);
			sourceTree = "<group>";
		};
		4BCDD17B29F68D330036B332 /* Products */ = {
			isa = PBXGroup;
			children = (
				4BCDD17A29F68D330036B332 /* LocalNotifications.app */,
			);
			name = Products;
			sourceTree = "<group>";
		};
		4BCDD17C29F68D330036B332 /* LocalNotifications */ = {
			isa = PBXGroup;
			children = (
				4BCDD18129F68D340036B332 /* Assets.xcassets */,
				4BCDD17D29F68D330036B332 /* LocalNotificationsApp.swift */,
				4BCDD18D29F68E0A0036B332 /* LocalNotificationManager.swift */,
				4BCDD19C2A040FF40036B332 /* Views */,
				4BCDD18329F68D340036B332 /* Preview Content */,
				4BCDD18F29F68EB10036B332 /* Strings.swift */,
				4BCDD19329F68FCF0036B332 /* Extensions */,
			);
			path = LocalNotifications;
			sourceTree = "<group>";
		};
		4BCDD18329F68D340036B332 /* Preview Content */ = {
			isa = PBXGroup;
			children = (
				4BCDD18429F68D340036B332 /* Preview Assets.xcassets */,
			);
			path = "Preview Content";
			sourceTree = "<group>";
		};
		4BCDD19329F68FCF0036B332 /* Extensions */ = {
			isa = PBXGroup;
			children = (
				4BCDD19129F68FB00036B332 /* Color.swift */,
				4BCDD19429F690450036B332 /* Text.swift */,
				4BCDD19629F6934A0036B332 /* Date.swift */,
			);
			path = Extensions;
			sourceTree = "<group>";
		};
		4BCDD19C2A040FF40036B332 /* Views */ = {
			isa = PBXGroup;
			children = (
				4BCDD17F29F68D330036B332 /* ContentView.swift */,
				4BCDD1982A04086C0036B332 /* NotificationView.swift */,
				4BCDD19A2A0408930036B332 /* ForbiddenNotificationView.swift */,
			);
			path = Views;
			sourceTree = "<group>";
		};
/* End PBXGroup section */

/* Begin PBXNativeTarget section */
		4BCDD17929F68D330036B332 /* LocalNotifications */ = {
			isa = PBXNativeTarget;
			buildConfigurationList = 4BCDD18829F68D340036B332 /* Build configuration list for PBXNativeTarget "LocalNotifications" */;
			buildPhases = (
				4BCDD17629F68D330036B332 /* Sources */,
				4BCDD17729F68D330036B332 /* Frameworks */,
				4BCDD17829F68D330036B332 /* Resources */,
			);
			buildRules = (
			);
			dependencies = (
			);
			name = LocalNotifications;
			productName = LocalNotifications;
			productReference = 4BCDD17A29F68D330036B332 /* LocalNotifications.app */;
			productType = "com.apple.product-type.application";
		};
/* End PBXNativeTarget section */

/* Begin PBXProject section */
		4BCDD17229F68D330036B332 /* Project object */ = {
			isa = PBXProject;
			attributes = {
				BuildIndependentTargetsInParallel = 1;
				LastSwiftUpdateCheck = 1420;
				LastUpgradeCheck = 1420;
				TargetAttributes = {
					4BCDD17929F68D330036B332 = {
						CreatedOnToolsVersion = 14.2;
					};
				};
			};
			buildConfigurationList = 4BCDD17529F68D330036B332 /* Build configuration list for PBXProject "LocalNotifications" */;
			compatibilityVersion = "Xcode 14.0";
			developmentRegion = en;
			hasScannedForEncodings = 0;
			knownRegions = (
				en,
				Base,
			);
			mainGroup = 4BCDD17129F68D330036B332;
			productRefGroup = 4BCDD17B29F68D330036B332 /* Products */;
			projectDirPath = "";
			projectRoot = "";
			targets = (
				4BCDD17929F68D330036B332 /* LocalNotifications */,
			);
		};
/* End PBXProject section */

/* Begin PBXResourcesBuildPhase section */
		4BCDD17829F68D330036B332 /* Resources */ = {
			isa = PBXResourcesBuildPhase;
			buildActionMask = 2147483647;
			files = (
				4BCDD18529F68D340036B332 /* Preview Assets.xcassets in Resources */,
				4BCDD18229F68D340036B332 /* Assets.xcassets in Resources */,
			);
			runOnlyForDeploymentPostprocessing = 0;
		};
/* End PBXResourcesBuildPhase section */

/* Begin PBXSourcesBuildPhase section */
		4BCDD17629F68D330036B332 /* Sources */ = {
			isa = PBXSourcesBuildPhase;
			buildActionMask = 2147483647;
			files = (
				4BCDD18029F68D330036B332 /* ContentView.swift in Sources */,
				4BCDD18E29F68E0A0036B332 /* LocalNotificationManager.swift in Sources */,
				4BCDD19729F6934A0036B332 /* Date.swift in Sources */,
				4BCDD1992A04086C0036B332 /* NotificationView.swift in Sources */,
				4BCDD19029F68EB10036B332 /* Strings.swift in Sources */,
				4BCDD19B2A0408930036B332 /* ForbiddenNotificationView.swift in Sources */,
				4BCDD19229F68FB00036B332 /* Color.swift in Sources */,
				4BCDD19529F690450036B332 /* Text.swift in Sources */,
				4BCDD17E29F68D330036B332 /* LocalNotificationsApp.swift in Sources */,
			);
			runOnlyForDeploymentPostprocessing = 0;
		};
/* End PBXSourcesBuildPhase section */

/* Begin XCBuildConfiguration section */
		4BCDD18629F68D340036B332 /* Debug */ = {
			isa = XCBuildConfiguration;
			buildSettings = {
				ALWAYS_SEARCH_USER_PATHS = NO;
				CLANG_ANALYZER_NONNULL = YES;
				CLANG_ANALYZER_NUMBER_OBJECT_CONVERSION = YES_AGGRESSIVE;
				CLANG_CXX_LANGUAGE_STANDARD = "gnu++20";
				CLANG_ENABLE_MODULES = YES;
				CLANG_ENABLE_OBJC_ARC = YES;
				CLANG_ENABLE_OBJC_WEAK = YES;
				CLANG_WARN_BLOCK_CAPTURE_AUTORELEASING = YES;
				CLANG_WARN_BOOL_CONVERSION = YES;
				CLANG_WARN_COMMA = YES;
				CLANG_WARN_CONSTANT_CONVERSION = YES;
				CLANG_WARN_DEPRECATED_OBJC_IMPLEMENTATIONS = YES;
				CLANG_WARN_DIRECT_OBJC_ISA_USAGE = YES_ERROR;
				CLANG_WARN_DOCUMENTATION_COMMENTS = YES;
				CLANG_WARN_EMPTY_BODY = YES;
				CLANG_WARN_ENUM_CONVERSION = YES;
				CLANG_WARN_INFINITE_RECURSION = YES;
				CLANG_WARN_INT_CONVERSION = YES;
				CLANG_WARN_NON_LITERAL_NULL_CONVERSION = YES;
				CLANG_WARN_OBJC_IMPLICIT_RETAIN_SELF = YES;
				CLANG_WARN_OBJC_LITERAL_CONVERSION = YES;
				CLANG_WARN_OBJC_ROOT_CLASS = YES_ERROR;
				CLANG_WARN_QUOTED_INCLUDE_IN_FRAMEWORK_HEADER = YES;
				CLANG_WARN_RANGE_LOOP_ANALYSIS = YES;
				CLANG_WARN_STRICT_PROTOTYPES = YES;
				CLANG_WARN_SUSPICIOUS_MOVE = YES;
				CLANG_WARN_UNGUARDED_AVAILABILITY = YES_AGGRESSIVE;
				CLANG_WARN_UNREACHABLE_CODE = YES;
				CLANG_WARN__DUPLICATE_METHOD_MATCH = YES;
				COPY_PHASE_STRIP = NO;
				DEBUG_INFORMATION_FORMAT = dwarf;
				ENABLE_STRICT_OBJC_MSGSEND = YES;
				ENABLE_TESTABILITY = YES;
				GCC_C_LANGUAGE_STANDARD = gnu11;
				GCC_DYNAMIC_NO_PIC = NO;
				GCC_NO_COMMON_BLOCKS = YES;
				GCC_OPTIMIZATION_LEVEL = 0;
				GCC_PREPROCESSOR_DEFINITIONS = (
					"DEBUG=1",
					"$(inherited)",
				);
				GCC_WARN_64_TO_32_BIT_CONVERSION = YES;
				GCC_WARN_ABOUT_RETURN_TYPE = YES_ERROR;
				GCC_WARN_UNDECLARED_SELECTOR = YES;
				GCC_WARN_UNINITIALIZED_AUTOS = YES_AGGRESSIVE;
				GCC_WARN_UNUSED_FUNCTION = YES;
				GCC_WARN_UNUSED_VARIABLE = YES;
				IPHONEOS_DEPLOYMENT_TARGET = 16.2;
				MTL_ENABLE_DEBUG_INFO = INCLUDE_SOURCE;
				MTL_FAST_MATH = YES;
				ONLY_ACTIVE_ARCH = YES;
				SDKROOT = iphoneos;
				SWIFT_ACTIVE_COMPILATION_CONDITIONS = DEBUG;
				SWIFT_OPTIMIZATION_LEVEL = "-Onone";
			};
			name = Debug;
		};
		4BCDD18729F68D340036B332 /* Release */ = {
			isa = XCBuildConfiguration;
			buildSettings = {
				ALWAYS_SEARCH_USER_PATHS = NO;
				CLANG_ANALYZER_NONNULL = YES;
				CLANG_ANALYZER_NUMBER_OBJECT_CONVERSION = YES_AGGRESSIVE;
				CLANG_CXX_LANGUAGE_STANDARD = "gnu++20";
				CLANG_ENABLE_MODULES = YES;
				CLANG_ENABLE_OBJC_ARC = YES;
				CLANG_ENABLE_OBJC_WEAK = YES;
				CLANG_WARN_BLOCK_CAPTURE_AUTORELEASING = YES;
				CLANG_WARN_BOOL_CONVERSION = YES;
				CLANG_WARN_COMMA = YES;
				CLANG_WARN_CONSTANT_CONVERSION = YES;
				CLANG_WARN_DEPRECATED_OBJC_IMPLEMENTATIONS = YES;
				CLANG_WARN_DIRECT_OBJC_ISA_USAGE = YES_ERROR;
				CLANG_WARN_DOCUMENTATION_COMMENTS = YES;
				CLANG_WARN_EMPTY_BODY = YES;
				CLANG_WARN_ENUM_CONVERSION = YES;
				CLANG_WARN_INFINITE_RECURSION = YES;
				CLANG_WARN_INT_CONVERSION = YES;
				CLANG_WARN_NON_LITERAL_NULL_CONVERSION = YES;
				CLANG_WARN_OBJC_IMPLICIT_RETAIN_SELF = YES;
				CLANG_WARN_OBJC_LITERAL_CONVERSION = YES;
				CLANG_WARN_OBJC_ROOT_CLASS = YES_ERROR;
				CLANG_WARN_QUOTED_INCLUDE_IN_FRAMEWORK_HEADER = YES;
				CLANG_WARN_RANGE_LOOP_ANALYSIS = YES;
				CLANG_WARN_STRICT_PROTOTYPES = YES;
				CLANG_WARN_SUSPICIOUS_MOVE = YES;
				CLANG_WARN_UNGUARDED_AVAILABILITY = YES_AGGRESSIVE;
				CLANG_WARN_UNREACHABLE_CODE = YES;
				CLANG_WARN__DUPLICATE_METHOD_MATCH = YES;
				COPY_PHASE_STRIP = NO;
				DEBUG_INFORMATION_FORMAT = "dwarf-with-dsym";
				ENABLE_NS_ASSERTIONS = NO;
				ENABLE_STRICT_OBJC_MSGSEND = YES;
				GCC_C_LANGUAGE_STANDARD = gnu11;
				GCC_NO_COMMON_BLOCKS = YES;
				GCC_WARN_64_TO_32_BIT_CONVERSION = YES;
				GCC_WARN_ABOUT_RETURN_TYPE = YES_ERROR;
				GCC_WARN_UNDECLARED_SELECTOR = YES;
				GCC_WARN_UNINITIALIZED_AUTOS = YES_AGGRESSIVE;
				GCC_WARN_UNUSED_FUNCTION = YES;
				GCC_WARN_UNUSED_VARIABLE = YES;
				IPHONEOS_DEPLOYMENT_TARGET = 16.2;
				MTL_ENABLE_DEBUG_INFO = NO;
				MTL_FAST_MATH = YES;
				SDKROOT = iphoneos;
				SWIFT_COMPILATION_MODE = wholemodule;
				SWIFT_OPTIMIZATION_LEVEL = "-O";
				VALIDATE_PRODUCT = YES;
			};
			name = Release;
		};
		4BCDD18929F68D340036B332 /* Debug */ = {
			isa = XCBuildConfiguration;
			buildSettings = {
				ASSETCATALOG_COMPILER_APPICON_NAME = AppIcon;
				ASSETCATALOG_COMPILER_GLOBAL_ACCENT_COLOR_NAME = AccentColor;
				CODE_SIGN_STYLE = Automatic;
				CURRENT_PROJECT_VERSION = 1;
				DEVELOPMENT_ASSET_PATHS = "\"LocalNotifications/Preview Content\"";
				DEVELOPMENT_TEAM = 6K72XC3QWX;
				ENABLE_PREVIEWS = YES;
				GENERATE_INFOPLIST_FILE = YES;
				INFOPLIST_KEY_UIApplicationSceneManifest_Generation = YES;
				INFOPLIST_KEY_UIApplicationSupportsIndirectInputEvents = YES;
				INFOPLIST_KEY_UILaunchScreen_Generation = YES;
				INFOPLIST_KEY_UISupportedInterfaceOrientations_iPad = "UIInterfaceOrientationPortrait UIInterfaceOrientationPortraitUpsideDown UIInterfaceOrientationLandscapeLeft UIInterfaceOrientationLandscapeRight";
				INFOPLIST_KEY_UISupportedInterfaceOrientations_iPhone = "UIInterfaceOrientationPortrait UIInterfaceOrientationLandscapeLeft UIInterfaceOrientationLandscapeRight";
				LD_RUNPATH_SEARCH_PATHS = (
					"$(inherited)",
					"@executable_path/Frameworks",
				);
				MARKETING_VERSION = 1.0;
				PRODUCT_BUNDLE_IDENTIFIER = "-.LocalNotifications";
				PRODUCT_NAME = "$(TARGET_NAME)";
				SWIFT_EMIT_LOC_STRINGS = YES;
				SWIFT_VERSION = 5.0;
				TARGETED_DEVICE_FAMILY = "1,2";
			};
			name = Debug;
		};
		4BCDD18A29F68D340036B332 /* Release */ = {
			isa = XCBuildConfiguration;
			buildSettings = {
				ASSETCATALOG_COMPILER_APPICON_NAME = AppIcon;
				ASSETCATALOG_COMPILER_GLOBAL_ACCENT_COLOR_NAME = AccentColor;
				CODE_SIGN_STYLE = Automatic;
				CURRENT_PROJECT_VERSION = 1;
				DEVELOPMENT_ASSET_PATHS = "\"LocalNotifications/Preview Content\"";
				DEVELOPMENT_TEAM = 6K72XC3QWX;
				ENABLE_PREVIEWS = YES;
				GENERATE_INFOPLIST_FILE = YES;
				INFOPLIST_KEY_UIApplicationSceneManifest_Generation = YES;
				INFOPLIST_KEY_UIApplicationSupportsIndirectInputEvents = YES;
				INFOPLIST_KEY_UILaunchScreen_Generation = YES;
				INFOPLIST_KEY_UISupportedInterfaceOrientations_iPad = "UIInterfaceOrientationPortrait UIInterfaceOrientationPortraitUpsideDown UIInterfaceOrientationLandscapeLeft UIInterfaceOrientationLandscapeRight";
				INFOPLIST_KEY_UISupportedInterfaceOrientations_iPhone = "UIInterfaceOrientationPortrait UIInterfaceOrientationLandscapeLeft UIInterfaceOrientationLandscapeRight";
				LD_RUNPATH_SEARCH_PATHS = (
					"$(inherited)",
					"@executable_path/Frameworks",
				);
				MARKETING_VERSION = 1.0;
				PRODUCT_BUNDLE_IDENTIFIER = "-.LocalNotifications";
				PRODUCT_NAME = "$(TARGET_NAME)";
				SWIFT_EMIT_LOC_STRINGS = YES;
				SWIFT_VERSION = 5.0;
				TARGETED_DEVICE_FAMILY = "1,2";
			};
			name = Release;
		};
/* End XCBuildConfiguration section */

/* Begin XCConfigurationList section */
		4BCDD17529F68D330036B332 /* Build configuration list for PBXProject "LocalNotifications" */ = {
			isa = XCConfigurationList;
			buildConfigurations = (
				4BCDD18629F68D340036B332 /* Debug */,
				4BCDD18729F68D340036B332 /* Release */,
			);
			defaultConfigurationIsVisible = 0;
			defaultConfigurationName = Release;
		};
		4BCDD18829F68D340036B332 /* Build configuration list for PBXNativeTarget "LocalNotifications" */ = {
			isa = XCConfigurationList;
			buildConfigurations = (
				4BCDD18929F68D340036B332 /* Debug */,
				4BCDD18A29F68D340036B332 /* Release */,
			);
			defaultConfigurationIsVisible = 0;
			defaultConfigurationName = Release;
		};
/* End XCConfigurationList section */
	};
	rootObject = 4BCDD17229F68D330036B332 /* Project object */;
}
